
Microsoft Visual Studio Solution File, Format Version 12.00
# Visual Studio 2012
Project("{FAE04EC0-301F-11D3-BF4B-00C04F79EFBC}") = "MovePigMove.Core", "MovePigMove.Core\MovePigMove.Core.csproj", "{A8D32F99-2861-4137-BC0A-60D4F3BA55B3}"
EndProject
Project("{FAE04EC0-301F-11D3-BF4B-00C04F79EFBC}") = "MovePigMove.Tests", "MovePigMove.Tests\MovePigMove.Tests.csproj", "{167193CD-4EC6-4457-88DF-BAE4234417A0}"
EndProject
Project("{FAE04EC0-301F-11D3-BF4B-00C04F79EFBC}") = "MovePigMove.Web", "MovePigMove.Web\MovePigMove.Web.csproj", "{A19FEF75-7D21-4C6A-AF79-92710A8F0843}"
EndProject
Global
	GlobalSection(SolutionConfigurationPlatforms) = preSolution
		Debug|Any CPU = Debug|Any CPU
		Release|Any CPU = Release|Any CPU
	EndGlobalSection
	GlobalSection(ProjectConfigurationPlatforms) = postSolution
		{A8D32F99-2861-4137-BC0A-60D4F3BA55B3}.Debug|Any CPU.ActiveCfg = Debug|Any CPU
		{A8D32F99-2861-4137-BC0A-60D4F3BA55B3}.Debug|Any CPU.Build.0 = Debug|Any CPU
		{A8D32F99-2861-4137-BC0A-60D4F3BA55B3}.Release|Any CPU.ActiveCfg = Release|Any CPU
		{A8D32F99-2861-4137-BC0A-60D4F3BA55B3}.Release|Any CPU.Build.0 = Release|Any CPU
		{167193CD-4EC6-4457-88DF-BAE4234417A0}.Debug|Any CPU.ActiveCfg = Debug|Any CPU
		{167193CD-4EC6-4457-88DF-BAE4234417A0}.Debug|Any CPU.Build.0 = Debug|Any CPU
		{167193CD-4EC6-4457-88DF-BAE4234417A0}.Release|Any CPU.ActiveCfg = Release|Any CPU
		{167193CD-4EC6-4457-88DF-BAE4234417A0}.Release|Any CPU.Build.0 = Release|Any CPU
		{A19FEF75-7D21-4C6A-AF79-92710A8F0843}.Debug|Any CPU.ActiveCfg = Debug|Any CPU
		{A19FEF75-7D21-4C6A-AF79-92710A8F0843}.Debug|Any CPU.Build.0 = Debug|Any CPU
		{A19FEF75-7D21-4C6A-AF79-92710A8F0843}.Release|Any CPU.ActiveCfg = Release|Any CPU
		{A19FEF75-7D21-4C6A-AF79-92710A8F0843}.Release|Any CPU.Build.0 = Release|Any CPU
	EndGlobalSection
	GlobalSection(SolutionProperties) = preSolution
		HideSolutionNode = FALSE
	EndGlobalSection
EndGlobal
